
Microsoft Visual Studio Solution File, Format Version 12.00
# Visual Studio Version 16
VisualStudioVersion = 16.0.31613.86
MinimumVisualStudioVersion = 10.0.40219.1
Project("{8BC9CEB8-8B4A-11D0-8D11-00A0C91BC942}") = "CoinFlip", "CoinFlip.vcxproj", "{B3CCFE7F-AA1C-4310-BC4B-D8017E79A472}"
EndProject
Global
	GlobalSection(SolutionConfigurationPlatforms) = preSolution
		Debug|x64 = Debug|x64
		Debug|x86 = Debug|x86
		Release|x64 = Release|x64
		Release|x86 = Release|x86
	EndGlobalSection
	GlobalSection(ProjectConfigurationPlatforms) = postSolution
		{B3CCFE7F-AA1C-4310-BC4B-D8017E79A472}.Debug|x64.ActiveCfg = Debug|x64
		{B3CCFE7F-AA1C-4310-BC4B-D8017E79A472}.Debug|x64.Build.0 = Debug|x64
		{B3CCFE7F-AA1C-4310-BC4B-D8017E79A472}.Debug|x86.ActiveCfg = Debug|Win32
		{B3CCFE7F-AA1C-4310-BC4B-D8017E79A472}.Debug|x86.Build.0 = Debug|Win32
		{B3CCFE7F-AA1C-4310-BC4B-D8017E79A472}.Release|x64.ActiveCfg = Release|x64
		{B3CCFE7F-AA1C-4310-BC4B-D8017E79A472}.Release|x64.Build.0 = Release|x64
		{B3CCFE7F-AA1C-4310-BC4B-D8017E79A472}.Release|x86.ActiveCfg = Release|Win32
		{B3CCFE7F-AA1C-4310-BC4B-D8017E79A472}.Release|x86.Build.0 = Release|Win32
	EndGlobalSection
	GlobalSection(SolutionProperties) = preSolution
		HideSolutionNode = FALSE
	EndGlobalSection
	GlobalSection(ExtensibilityGlobals) = postSolution
		SolutionGuid = {834FEE3D-C798-45DB-8FCD-5C215B8B4117}
	EndGlobalSection
EndGlobal
